
Microsoft Visual Studio Solution File, Format Version 12.00
# Visual Studio 15
VisualStudioVersion = 15.0.27703.1
MinimumVisualStudioVersion = 10.0.40219.1
Project("{8BC9CEB8-8B4A-11D0-8D11-00A0C91BC942}") = "Cars", "Cars\Cars.vcxproj", "{72239FBF-434C-46EA-A34F-F1A82B5EFEDF}"
EndProject
Global
	GlobalSection(SolutionConfigurationPlatforms) = preSolution
		Debug|x64 = Debug|x64
		Debug|x86 = Debug|x86
		Release|x64 = Release|x64
		Release|x86 = Release|x86
	EndGlobalSection
	GlobalSection(ProjectConfigurationPlatforms) = postSolution
		{72239FBF-434C-46EA-A34F-F1A82B5EFEDF}.Debug|x64.ActiveCfg = Debug|x64
		{72239FBF-434C-46EA-A34F-F1A82B5EFEDF}.Debug|x64.Build.0 = Debug|x64
		{72239FBF-434C-46EA-A34F-F1A82B5EFEDF}.Debug|x86.ActiveCfg = Debug|Win32
		{72239FBF-434C-46EA-A34F-F1A82B5EFEDF}.Debug|x86.Build.0 = Debug|Win32
		{72239FBF-434C-46EA-A34F-F1A82B5EFEDF}.Release|x64.ActiveCfg = Release|x64
		{72239FBF-434C-46EA-A34F-F1A82B5EFEDF}.Release|x64.Build.0 = Release|x64
		{72239FBF-434C-46EA-A34F-F1A82B5EFEDF}.Release|x86.ActiveCfg = Release|Win32
		{72239FBF-434C-46EA-A34F-F1A82B5EFEDF}.Release|x86.Build.0 = Release|Win32
	EndGlobalSection
	GlobalSection(SolutionProperties) = preSolution
		HideSolutionNode = FALSE
	EndGlobalSection
	GlobalSection(ExtensibilityGlobals) = postSolution
		SolutionGuid = {D4BC2341-190F-4016-AC79-16E1178E2D82}
	EndGlobalSection
EndGlobal
